{
  "name": "foxxy",
  "version": "0.6.06",
  "lockfileVersion": 1,
  "requires": true,
  "dependencies": {
    "@types/node": {
      "version": "10.12.23",
      "resolved": "https://registry.npmjs.org/@types/node/-/node-10.12.23.tgz",
      "integrity": "sha512-EKhb5NveQ3NlW5EV7B0VRtDKwUfVey8LuJRl9pp5iW0se87/ZqLjG0PMf2MCzPXAJYWZN5Ltg7pHIAf9/Dm1tQ=="
    },
    "arangojs": {
      "version": "6.10.0",
      "resolved": "https://registry.npmjs.org/arangojs/-/arangojs-6.10.0.tgz",
      "integrity": "sha512-6fRck+EfhcOHz0lXUBaI3LSPoeJgNufyzsAH+xqqmBQOLe+MdKaxj67NG/sqQ/dMmihV7mOFC6PmZpWGTl9WIQ==",
      "requires": {
        "@types/node": "*",
        "es6-error": "^4.0.1",
        "linkedlist": "^1.0.1",
        "multi-part": "^2.0.0",
        "xhr": "^2.4.1"
      }
    },
    "argparse": {
      "version": "1.0.10",
      "resolved": "https://registry.npmjs.org/argparse/-/argparse-1.0.10.tgz",
      "integrity": "sha512-o5Roy6tNG4SL/FOkCAN6RzjiakZS25RLYFrcMttJqbdd8BWrnA+fGz57iN5Pb06pvBGvl5gQ0B48dJlslXvoTg==",
      "requires": {
        "sprintf-js": "~1.0.2"
      }
    },
    "code-point-at": {
      "version": "1.1.0",
      "resolved": "https://registry.npmjs.org/code-point-at/-/code-point-at-1.1.0.tgz",
      "integrity": "sha1-DQcLTQQ6W+ozovGkDi7bPZpMz3c="
    },
    "colors": {
      "version": "1.3.3",
      "resolved": "https://registry.npmjs.org/colors/-/colors-1.3.3.tgz",
      "integrity": "sha512-mmGt/1pZqYRjMxB1axhTo16/snVZ5krrKkcmMeVKxzECMMXoCgnvTPp10QgHfcbQZw8Dq2jMNG6je4JlWU0gWg=="
    },
    "decamelize": {
      "version": "1.2.0",
      "resolved": "https://registry.npmjs.org/decamelize/-/decamelize-1.2.0.tgz",
      "integrity": "sha1-9lNNFRSCabIDUue+4m9QH5oZEpA="
    },
    "dom-walk": {
      "version": "0.1.1",
      "resolved": "https://registry.npmjs.org/dom-walk/-/dom-walk-0.1.1.tgz",
      "integrity": "sha1-ZyIm3HTI95mtNTB9+TaroRrNYBg="
    },
    "error-ex": {
      "version": "1.3.2",
      "resolved": "https://registry.npmjs.org/error-ex/-/error-ex-1.3.2.tgz",
      "integrity": "sha512-7dFHNmqeFSEt2ZBsCriorKnn3Z2pj+fd9kmI6QoWw4//DL+icEBfc0U7qJCisqrTsKTjw4fNFy2pW9OqStD84g==",
      "requires": {
        "is-arrayish": "^0.2.1"
      }
    },
    "es6-error": {
      "version": "4.1.1",
      "resolved": "https://registry.npmjs.org/es6-error/-/es6-error-4.1.1.tgz",
      "integrity": "sha512-Um/+FxMr9CISWh0bi5Zv0iOD+4cFh5qLeks1qhAopKVAJw3drgKbKySikp7wGhDL0HPeaja0P5ULZrxLkniUVg=="
    },
    "esprima": {
      "version": "4.0.1",
      "resolved": "https://registry.npmjs.org/esprima/-/esprima-4.0.1.tgz",
      "integrity": "sha512-eGuFFw7Upda+g4p+QHvnW0RyTX/SVeJBDM/gCtMARO0cLuT2HcEKnTPvhjV6aGeqrCB/sbNop0Kszm0jsaWU4A=="
    },
    "file-type": {
      "version": "4.4.0",
      "resolved": "https://registry.npmjs.org/file-type/-/file-type-4.4.0.tgz",
      "integrity": "sha1-G2AOX8ofvcboDApwxxyNul95BsU="
    },
    "for-each": {
      "version": "0.3.3",
      "resolved": "https://registry.npmjs.org/for-each/-/for-each-0.3.3.tgz",
      "integrity": "sha512-jqYfLp7mo9vIyQf8ykW2v7A+2N4QjeCeI5+Dz9XraiO1ign81wjiH7Fb9vSOWvQfNtmSa4H2RoQTrrXivdUZmw==",
      "requires": {
        "is-callable": "^1.1.3"
      }
    },
    "get-caller-file": {
      "version": "1.0.3",
      "resolved": "https://registry.npmjs.org/get-caller-file/-/get-caller-file-1.0.3.tgz",
      "integrity": "sha512-3t6rVToeoZfYSGd8YoLFR2DJkiQrIiUrGcjvFX2mDw3bn6k2OtwHN0TNCLbBO+w8qTvimhDkv+LSscbJY1vE6w=="
    },
    "global": {
      "version": "4.3.2",
      "resolved": "https://registry.npmjs.org/global/-/global-4.3.2.tgz",
      "integrity": "sha1-52mJJopsdMOJCLEwWxD8DjlOnQ8=",
      "requires": {
        "min-document": "^2.19.0",
        "process": "~0.5.1"
      }
    },
    "graceful-fs": {
      "version": "4.1.15",
      "resolved": "https://registry.npmjs.org/graceful-fs/-/graceful-fs-4.1.15.tgz",
      "integrity": "sha512-6uHUhOPEBgQ24HM+r6b/QwWfZq+yiFcipKFrOFiBEnWdy5sdzYoi+pJeQaPI5qOLRFqWmAXUPQNsielzdLoecA=="
    },
    "hasbin": {
      "version": "1.2.3",
      "resolved": "https://registry.npmjs.org/hasbin/-/hasbin-1.2.3.tgz",
      "integrity": "sha1-eMWSaJPIAhXCtWiuH9P8q3omlrA=",
      "requires": {
        "async": "~1.5"
      },
      "dependencies": {
        "async": {
          "version": "1.5.2",
          "resolved": "https://registry.npmjs.org/async/-/async-1.5.2.tgz",
          "integrity": "sha1-7GphrlZIDAw8skHJVhjiCJL5Zyo="
        }
      }
    },
    "hosted-git-info": {
      "version": "2.7.1",
      "resolved": "https://registry.npmjs.org/hosted-git-info/-/hosted-git-info-2.7.1.tgz",
      "integrity": "sha512-7T/BxH19zbcCTa8XkMlbK5lTo1WtgkFi3GvdWEyNuc4Vex7/9Dqbnpsf4JMydcfj9HCg4zUWFTL3Za6lapg5/w=="
    },
    "is-arrayish": {
      "version": "0.2.1",
      "resolved": "https://registry.npmjs.org/is-arrayish/-/is-arrayish-0.2.1.tgz",
      "integrity": "sha1-d8mYQFJ6qOyxqLppe4BkWnqSap0="
    },
    "is-callable": {
      "version": "1.1.4",
      "resolved": "https://registry.npmjs.org/is-callable/-/is-callable-1.1.4.tgz",
      "integrity": "sha512-r5p9sxJjYnArLjObpjA4xu5EKI3CuKHkJXMhT7kwbpUyIFD1n5PMAsoPvWnvtZiNz7LjkYDRZhd7FlI0eMijEA=="
    },
    "is-function": {
      "version": "1.0.1",
      "resolved": "https://registry.npmjs.org/is-function/-/is-function-1.0.1.tgz",
      "integrity": "sha1-Es+5i2W1fdPRk6MSH19uL0N2ArU="
    },
    "is-utf8": {
      "version": "0.2.1",
      "resolved": "https://registry.npmjs.org/is-utf8/-/is-utf8-0.2.1.tgz",
      "integrity": "sha1-Sw2hRCEE0bM2NA6AeX6GXPOffXI="
    },
    "js-yaml": {
      "version": "3.12.1",
      "resolved": "https://registry.npmjs.org/js-yaml/-/js-yaml-3.12.1.tgz",
      "integrity": "sha512-um46hB9wNOKlwkHgiuyEVAybXBjwFUV0Z/RaHJblRd9DXltue9FTYvzCr9ErQrK9Adz5MU4gHWVaNUfdmrC8qA==",
      "requires": {
        "argparse": "^1.0.7",
        "esprima": "^4.0.0"
      }
    },
    "linkedlist": {
      "version": "1.0.1",
      "resolved": "https://registry.npmjs.org/linkedlist/-/linkedlist-1.0.1.tgz",
      "integrity": "sha1-e3QYm/rW52Nn+1oQ88NpExKLeCs="
    },
    "load-json-file": {
      "version": "1.1.0",
      "resolved": "https://registry.npmjs.org/load-json-file/-/load-json-file-1.1.0.tgz",
      "integrity": "sha1-lWkFcI1YtLq0wiYbBPWfMcmTdMA=",
      "requires": {
        "graceful-fs": "^4.1.2",
        "parse-json": "^2.2.0",
        "pify": "^2.0.0",
        "pinkie-promise": "^2.0.0",
        "strip-bom": "^2.0.0"
      }
    },
    "lodash.assign": {
      "version": "4.2.0",
      "resolved": "https://registry.npmjs.org/lodash.assign/-/lodash.assign-4.2.0.tgz",
      "integrity": "sha1-DZnzzNem0mHRm9rrkkUAXShYCOc="
    },
    "mime-db": {
      "version": "1.37.0",
      "resolved": "https://registry.npmjs.org/mime-db/-/mime-db-1.37.0.tgz",
      "integrity": "sha512-R3C4db6bgQhlIhPU48fUtdVmKnflq+hRdad7IyKhtFj06VPNVdk2RhiYL3UjQIlso8L+YxAtFkobT0VK+S/ybg=="
    },
    "mime-kind": {
      "version": "2.0.2",
      "resolved": "https://registry.npmjs.org/mime-kind/-/mime-kind-2.0.2.tgz",
      "integrity": "sha1-WkPVvr3rCCGCIk2dJjIGMp5Xzfg=",
      "requires": {
        "file-type": "^4.3.0",
        "mime-types": "^2.1.15"
      }
    },
    "mime-types": {
      "version": "2.1.21",
      "resolved": "https://registry.npmjs.org/mime-types/-/mime-types-2.1.21.tgz",
      "integrity": "sha512-3iL6DbwpyLzjR3xHSFNFeb9Nz/M8WDkX33t1GFQnFOllWk8pOrh/LSrB5OXlnlW5P9LH73X6loW/eogc+F5lJg==",
      "requires": {
        "mime-db": "~1.37.0"
      }
    },
    "min-document": {
      "version": "2.19.0",
      "resolved": "https://registry.npmjs.org/min-document/-/min-document-2.19.0.tgz",
      "integrity": "sha1-e9KC4/WELtKVu3SM3Z8f+iyCRoU=",
      "requires": {
        "dom-walk": "^0.1.0"
      }
    },
    "multi-part": {
      "version": "2.0.0",
      "resolved": "https://registry.npmjs.org/multi-part/-/multi-part-2.0.0.tgz",
      "integrity": "sha1-Z09TtDL4UM+MwC0w0h8gZOMJVjw=",
      "requires": {
        "mime-kind": "^2.0.1"
      }
    },
    "normalize-package-data": {
      "version": "2.5.0",
      "resolved": "https://registry.npmjs.org/normalize-package-data/-/normalize-package-data-2.5.0.tgz",
      "integrity": "sha512-/5CMN3T0R4XTj4DcGaexo+roZSdSFW/0AOOTROrjxzCG1wrWXEsGbRKevjlIL+ZDE4sZlJr5ED4YW0yqmkK+eA==",
      "requires": {
        "hosted-git-info": "^2.1.4",
        "resolve": "^1.10.0",
        "semver": "2 || 3 || 4 || 5",
        "validate-npm-package-license": "^3.0.1"
      }
    },
    "number-is-nan": {
      "version": "1.0.1",
      "resolved": "https://registry.npmjs.org/number-is-nan/-/number-is-nan-1.0.1.tgz",
      "integrity": "sha1-CXtgK1NCKlIsGvuHkDGDNpQaAR0="
    },
    "parse-headers": {
      "version": "2.0.1",
      "resolved": "https://registry.npmjs.org/parse-headers/-/parse-headers-2.0.1.tgz",
      "integrity": "sha1-aug6eqJanZtwCswoaYzR8e1+lTY=",
      "requires": {
        "for-each": "^0.3.2",
        "trim": "0.0.1"
      }
    },
    "parse-json": {
      "version": "2.2.0",
      "resolved": "https://registry.npmjs.org/parse-json/-/parse-json-2.2.0.tgz",
      "integrity": "sha1-9ID0BDTvgHQfhGkJn43qGPVaTck=",
      "requires": {
        "error-ex": "^1.2.0"
      }
    },
    "path-parse": {
      "version": "1.0.6",
      "resolved": "https://registry.npmjs.org/path-parse/-/path-parse-1.0.6.tgz",
      "integrity": "sha512-GSmOT2EbHrINBf9SR7CDELwlJ8AENk3Qn7OikK4nFYAu3Ote2+JYNVvkpAEQm3/TLNEJFD/xZJjzyxg3KBWOzw=="
    },
    "path-type": {
      "version": "1.1.0",
      "resolved": "https://registry.npmjs.org/path-type/-/path-type-1.1.0.tgz",
      "integrity": "sha1-WcRPfuSR2nBNpBXaWkBwuk+P5EE=",
      "requires": {
        "graceful-fs": "^4.1.2",
        "pify": "^2.0.0",
        "pinkie-promise": "^2.0.0"
      }
    },
    "pify": {
      "version": "2.3.0",
      "resolved": "https://registry.npmjs.org/pify/-/pify-2.3.0.tgz",
      "integrity": "sha1-7RQaasBDqEnqWISY59yosVMw6Qw="
    },
    "pinkie": {
      "version": "2.0.4",
      "resolved": "https://registry.npmjs.org/pinkie/-/pinkie-2.0.4.tgz",
      "integrity": "sha1-clVrgM+g1IqXToDnckjoDtT3+HA="
    },
    "pinkie-promise": {
      "version": "2.0.1",
      "resolved": "https://registry.npmjs.org/pinkie-promise/-/pinkie-promise-2.0.1.tgz",
      "integrity": "sha1-ITXW36ejWMBprJsXh3YogihFD/o=",
      "requires": {
        "pinkie": "^2.0.0"
      }
    },
    "pluralize": {
      "version": "3.1.0",
      "resolved": "https://registry.npmjs.org/pluralize/-/pluralize-3.1.0.tgz",
      "integrity": "sha1-hCE9ChI1YGnaqEBgxVkkJjMWE2g="
    },
    "process": {
      "version": "0.5.2",
      "resolved": "https://registry.npmjs.org/process/-/process-0.5.2.tgz",
      "integrity": "sha1-FjjYqONML0QKkduVq5rrZ3/Bhc8="
    },
    "read-pkg": {
      "version": "1.1.0",
      "resolved": "https://registry.npmjs.org/read-pkg/-/read-pkg-1.1.0.tgz",
      "integrity": "sha1-9f+qXs0pyzHAR0vKfXVra7KePyg=",
      "requires": {
        "load-json-file": "^1.0.0",
        "normalize-package-data": "^2.3.2",
        "path-type": "^1.0.0"
      }
    },
    "read-pkg-up": {
      "version": "1.0.1",
      "resolved": "https://registry.npmjs.org/read-pkg-up/-/read-pkg-up-1.0.1.tgz",
      "integrity": "sha1-nWPBMnbAZZGNV/ACpX9AobZD+wI=",
      "requires": {
        "find-up": "^1.0.0",
        "read-pkg": "^1.0.0"
      },
      "dependencies": {
        "find-up": {
          "version": "1.1.2",
          "resolved": "https://registry.npmjs.org/find-up/-/find-up-1.1.2.tgz",
          "integrity": "sha1-ay6YIrGizgpgq2TWEOzK1TyyTQ8=",
          "requires": {
            "path-exists": "^2.0.0",
            "pinkie-promise": "^2.0.0"
          }
        },
        "path-exists": {
          "version": "2.1.0",
          "resolved": "https://registry.npmjs.org/path-exists/-/path-exists-2.1.0.tgz",
          "integrity": "sha1-D+tsZPD8UY2adU3V77YscCJ2H0s=",
          "requires": {
            "pinkie-promise": "^2.0.0"
          }
        }
      }
    },
    "require-directory": {
      "version": "2.1.1",
      "resolved": "https://registry.npmjs.org/require-directory/-/require-directory-2.1.1.tgz",
      "integrity": "sha1-jGStX9MNqxyXbiNE/+f3kqam30I="
    },
    "require-main-filename": {
      "version": "1.0.1",
      "resolved": "https://registry.npmjs.org/require-main-filename/-/require-main-filename-1.0.1.tgz",
      "integrity": "sha1-l/cXtp1IeE9fUmpsWqj/3aBVpNE="
    },
    "resolve": {
      "version": "1.10.0",
      "resolved": "https://registry.npmjs.org/resolve/-/resolve-1.10.0.tgz",
      "integrity": "sha512-3sUr9aq5OfSg2S9pNtPA9hL1FVEAjvfOC4leW0SNf/mpnaakz2a9femSd6LqAww2RaFctwyf1lCqnTHuF1rxDg==",
      "requires": {
        "path-parse": "^1.0.6"
      }
    },
    "semver": {
      "version": "5.6.0",
      "resolved": "https://registry.npmjs.org/semver/-/semver-5.6.0.tgz",
      "integrity": "sha512-RS9R6R35NYgQn++fkDWaOmqGoj4Ek9gGs+DPxNUZKuwE183xjJroKvyo1IzVFeXvUrvmALy6FWD5xrdJT25gMg=="
    },
    "set-blocking": {
      "version": "2.0.0",
      "resolved": "https://registry.npmjs.org/set-blocking/-/set-blocking-2.0.0.tgz",
      "integrity": "sha1-BF+XgtARrppoA93TgrJDkrPYkPc="
    },
    "spdx-correct": {
      "version": "3.1.0",
      "resolved": "https://registry.npmjs.org/spdx-correct/-/spdx-correct-3.1.0.tgz",
      "integrity": "sha512-lr2EZCctC2BNR7j7WzJ2FpDznxky1sjfxvvYEyzxNyb6lZXHODmEoJeFu4JupYlkfha1KZpJyoqiJ7pgA1qq8Q==",
      "requires": {
        "spdx-expression-parse": "^3.0.0",
        "spdx-license-ids": "^3.0.0"
      }
    },
    "spdx-exceptions": {
      "version": "2.2.0",
      "resolved": "https://registry.npmjs.org/spdx-exceptions/-/spdx-exceptions-2.2.0.tgz",
      "integrity": "sha512-2XQACfElKi9SlVb1CYadKDXvoajPgBVPn/gOQLrTvHdElaVhr7ZEbqJaRnJLVNeaI4cMEAgVCeBMKF6MWRDCRA=="
    },
    "spdx-expression-parse": {
      "version": "3.0.0",
      "resolved": "https://registry.npmjs.org/spdx-expression-parse/-/spdx-expression-parse-3.0.0.tgz",
      "integrity": "sha512-Yg6D3XpRD4kkOmTpdgbUiEJFKghJH03fiC1OPll5h/0sO6neh2jqRDVHOQ4o/LMea0tgCkbMgea5ip/e+MkWyg==",
      "requires": {
        "spdx-exceptions": "^2.1.0",
        "spdx-license-ids": "^3.0.0"
      }
    },
    "spdx-license-ids": {
      "version": "3.0.3",
      "resolved": "https://registry.npmjs.org/spdx-license-ids/-/spdx-license-ids-3.0.3.tgz",
      "integrity": "sha512-uBIcIl3Ih6Phe3XHK1NqboJLdGfwr1UN3k6wSD1dZpmPsIkb8AGNbZYJ1fOBk834+Gxy8rpfDxrS6XLEMZMY2g=="
    },
    "sprintf-js": {
      "version": "1.0.3",
      "resolved": "https://registry.npmjs.org/sprintf-js/-/sprintf-js-1.0.3.tgz",
      "integrity": "sha1-BOaSb2YolTVPPdAVIDYzuFcpfiw="
    },
    "strip-bom": {
      "version": "2.0.0",
      "resolved": "https://registry.npmjs.org/strip-bom/-/strip-bom-2.0.0.tgz",
      "integrity": "sha1-YhmoVhZSBJHzV4i9vxRHqZx+aw4=",
      "requires": {
        "is-utf8": "^0.2.0"
      }
    },
    "trim": {
      "version": "0.0.1",
      "resolved": "https://registry.npmjs.org/trim/-/trim-0.0.1.tgz",
      "integrity": "sha1-WFhUf2spB1fulczMZm+1AITEYN0="
    },
    "validate-npm-package-license": {
      "version": "3.0.4",
      "resolved": "https://registry.npmjs.org/validate-npm-package-license/-/validate-npm-package-license-3.0.4.tgz",
      "integrity": "sha512-DpKm2Ui/xN7/HQKCtpZxoRWBhZ9Z0kqtygG8XCgNQ8ZlDnxuQmWhj566j8fN4Cu3/JmbhsDo7fcAJq4s9h27Ew==",
      "requires": {
        "spdx-correct": "^3.0.0",
        "spdx-expression-parse": "^3.0.0"
      }
    },
    "window-size": {
      "version": "0.2.0",
      "resolved": "https://registry.npmjs.org/window-size/-/window-size-0.2.0.tgz",
      "integrity": "sha1-tDFbtCFKPXBY6+7okuE/ok2YsHU="
    },
    "wrap-ansi": {
      "version": "2.1.0",
      "resolved": "https://registry.npmjs.org/wrap-ansi/-/wrap-ansi-2.1.0.tgz",
      "integrity": "sha1-2Pw9KE3QV5T+hJc8rs3Rz4JP3YU=",
      "requires": {
        "string-width": "^1.0.1",
        "strip-ansi": "^3.0.1"
      },
      "dependencies": {
        "ansi-regex": {
          "version": "2.1.1",
          "resolved": "https://registry.npmjs.org/ansi-regex/-/ansi-regex-2.1.1.tgz",
          "integrity": "sha1-w7M6te42DYbg5ijwRorn7yfWVN8="
        },
        "is-fullwidth-code-point": {
          "version": "1.0.0",
          "resolved": "https://registry.npmjs.org/is-fullwidth-code-point/-/is-fullwidth-code-point-1.0.0.tgz",
          "integrity": "sha1-754xOG8DGn8NZDr4L95QxFfvAMs=",
          "requires": {
            "number-is-nan": "^1.0.0"
          }
        },
        "string-width": {
          "version": "1.0.2",
          "resolved": "https://registry.npmjs.org/string-width/-/string-width-1.0.2.tgz",
          "integrity": "sha1-EYvfW4zcUaKn5w0hHgfisLmxB9M=",
          "requires": {
            "code-point-at": "^1.0.0",
            "is-fullwidth-code-point": "^1.0.0",
            "strip-ansi": "^3.0.0"
          }
        },
        "strip-ansi": {
          "version": "3.0.1",
          "resolved": "https://registry.npmjs.org/strip-ansi/-/strip-ansi-3.0.1.tgz",
          "integrity": "sha1-ajhfuIU9lS1f8F0Oiq+UJ43GPc8=",
          "requires": {
            "ansi-regex": "^2.0.0"
          }
        }
      }
    },
    "xhr": {
      "version": "2.5.0",
      "resolved": "https://registry.npmjs.org/xhr/-/xhr-2.5.0.tgz",
      "integrity": "sha512-4nlO/14t3BNUZRXIXfXe+3N6w3s1KoxcJUUURctd64BLRe67E4gRwp4PjywtDY72fXpZ1y6Ch0VZQRY/gMPzzQ==",
      "requires": {
        "global": "~4.3.0",
        "is-function": "^1.0.1",
        "parse-headers": "^2.0.0",
        "xtend": "^4.0.0"
      }
    },
    "xtend": {
      "version": "4.0.1",
      "resolved": "https://registry.npmjs.org/xtend/-/xtend-4.0.1.tgz",
      "integrity": "sha1-pcbVMr5lbiPbgg77lDofBJmNY68="
    },
    "yargs": {
      "version": "5.0.0",
      "resolved": "https://registry.npmjs.org/yargs/-/yargs-5.0.0.tgz",
      "integrity": "sha1-M1UUSXfQV1fbuG1uOOwFYSOzpm4=",
      "requires": {
        "cliui": "^3.2.0",
        "decamelize": "^1.1.1",
        "get-caller-file": "^1.0.1",
        "lodash.assign": "^4.2.0",
        "os-locale": "^1.4.0",
        "read-pkg-up": "^1.0.1",
        "require-directory": "^2.1.1",
        "require-main-filename": "^1.0.1",
        "set-blocking": "^2.0.0",
        "string-width": "^1.0.2",
        "which-module": "^1.0.0",
        "window-size": "^0.2.0",
        "y18n": "^3.2.1",
        "yargs-parser": "^3.2.0"
      },
      "dependencies": {
        "ansi-regex": {
          "version": "2.1.1",
          "resolved": "https://registry.npmjs.org/ansi-regex/-/ansi-regex-2.1.1.tgz",
          "integrity": "sha1-w7M6te42DYbg5ijwRorn7yfWVN8="
        },
        "camelcase": {
          "version": "3.0.0",
          "resolved": "https://registry.npmjs.org/camelcase/-/camelcase-3.0.0.tgz",
          "integrity": "sha1-MvxLn82vhF/N9+c7uXysImHwqwo="
        },
        "cliui": {
          "version": "3.2.0",
          "resolved": "https://registry.npmjs.org/cliui/-/cliui-3.2.0.tgz",
          "integrity": "sha1-EgYBU3qRbSmUD5NNo7SNWFo5IT0=",
          "requires": {
            "string-width": "^1.0.1",
            "strip-ansi": "^3.0.1",
            "wrap-ansi": "^2.0.0"
          }
        },
        "invert-kv": {
          "version": "1.0.0",
          "resolved": "https://registry.npmjs.org/invert-kv/-/invert-kv-1.0.0.tgz",
          "integrity": "sha1-EEqOSqym09jNFXqO+L+rLXo//bY="
        },
        "is-fullwidth-code-point": {
          "version": "1.0.0",
          "resolved": "https://registry.npmjs.org/is-fullwidth-code-point/-/is-fullwidth-code-point-1.0.0.tgz",
          "integrity": "sha1-754xOG8DGn8NZDr4L95QxFfvAMs=",
          "requires": {
            "number-is-nan": "^1.0.0"
          }
        },
        "lcid": {
          "version": "1.0.0",
          "resolved": "https://registry.npmjs.org/lcid/-/lcid-1.0.0.tgz",
          "integrity": "sha1-MIrMr6C8SDo4Z7S28rlQYlHRuDU=",
          "requires": {
            "invert-kv": "^1.0.0"
          }
        },
        "os-locale": {
          "version": "1.4.0",
          "resolved": "https://registry.npmjs.org/os-locale/-/os-locale-1.4.0.tgz",
          "integrity": "sha1-IPnxeuKe00XoveWDsT0gCYA8FNk=",
          "requires": {
            "lcid": "^1.0.0"
          }
        },
        "string-width": {
          "version": "1.0.2",
          "resolved": "https://registry.npmjs.org/string-width/-/string-width-1.0.2.tgz",
          "integrity": "sha1-EYvfW4zcUaKn5w0hHgfisLmxB9M=",
          "requires": {
            "code-point-at": "^1.0.0",
            "is-fullwidth-code-point": "^1.0.0",
            "strip-ansi": "^3.0.0"
          }
        },
        "strip-ansi": {
          "version": "3.0.1",
          "resolved": "https://registry.npmjs.org/strip-ansi/-/strip-ansi-3.0.1.tgz",
          "integrity": "sha1-ajhfuIU9lS1f8F0Oiq+UJ43GPc8=",
          "requires": {
            "ansi-regex": "^2.0.0"
          }
        },
        "which-module": {
          "version": "1.0.0",
          "resolved": "https://registry.npmjs.org/which-module/-/which-module-1.0.0.tgz",
          "integrity": "sha1-u6Y8qGGUiZT/MHc2CJ47lgJsKk8="
        },
        "y18n": {
          "version": "3.2.1",
          "resolved": "https://registry.npmjs.org/y18n/-/y18n-3.2.1.tgz",
          "integrity": "sha1-bRX7qITAhnnA136I53WegR4H+kE="
        },
        "yargs-parser": {
          "version": "3.2.0",
          "resolved": "https://registry.npmjs.org/yargs-parser/-/yargs-parser-3.2.0.tgz",
          "integrity": "sha1-UIE1XRnZ0MjF2BrakIy05tGGZk8=",
          "requires": {
            "camelcase": "^3.0.0",
            "lodash.assign": "^4.1.0"
          }
        }
      }
    }
  }
}
